{
  "object": {
    "pins": [
      {
        "package": "Alamofire",
        "repositoryURL": "https://github.com/Alamofire/Alamofire.git",
        "state": {
          "branch": null,
          "revision": "f96b619bcb2383b43d898402283924b80e2c4bae",
          "version": "5.4.3"
        }
      },
      {
        "package": "AONetworkLayer",
        "repositoryURL": "https://github.com/ArdOnat/AONetworkLayer.git",
        "state": {
          "branch": "main",
          "revision": "6037d1d5dfe672170ee60f54a79e326a8407f198",
          "version": null
        }
      }
    ]
  },
  "version": 1
}
